
Microsoft Visual Studio Solution File, Format Version 12.00
# Visual Studio 15
VisualStudioVersion = 15.0.28307.757
MinimumVisualStudioVersion = 10.0.40219.1
Project("{8BC9CEB8-8B4A-11D0-8D11-00A0C91BC942}") = "Client", "Client\Client.vcxproj", "{B8238B93-59FA-46E9-84A2-AA568617696F}"
EndProject
Project("{8BC9CEB8-8B4A-11D0-8D11-00A0C91BC942}") = "Server", "Server\Server.vcxproj", "{EA12A0DD-C347-49CC-B016-5DB258DCD72A}"
EndProject
Global
	GlobalSection(SolutionConfigurationPlatforms) = preSolution
		Debug|x64 = Debug|x64
		Debug|x86 = Debug|x86
		Release|x64 = Release|x64
		Release|x86 = Release|x86
	EndGlobalSection
	GlobalSection(ProjectConfigurationPlatforms) = postSolution
		{B8238B93-59FA-46E9-84A2-AA568617696F}.Debug|x64.ActiveCfg = Debug|x64
		{B8238B93-59FA-46E9-84A2-AA568617696F}.Debug|x64.Build.0 = Debug|x64
		{B8238B93-59FA-46E9-84A2-AA568617696F}.Debug|x86.ActiveCfg = Debug|Win32
		{B8238B93-59FA-46E9-84A2-AA568617696F}.Debug|x86.Build.0 = Debug|Win32
		{B8238B93-59FA-46E9-84A2-AA568617696F}.Release|x64.ActiveCfg = Release|x64
		{B8238B93-59FA-46E9-84A2-AA568617696F}.Release|x64.Build.0 = Release|x64
		{B8238B93-59FA-46E9-84A2-AA568617696F}.Release|x86.ActiveCfg = Release|Win32
		{B8238B93-59FA-46E9-84A2-AA568617696F}.Release|x86.Build.0 = Release|Win32
		{EA12A0DD-C347-49CC-B016-5DB258DCD72A}.Debug|x64.ActiveCfg = Debug|x64
		{EA12A0DD-C347-49CC-B016-5DB258DCD72A}.Debug|x64.Build.0 = Debug|x64
		{EA12A0DD-C347-49CC-B016-5DB258DCD72A}.Debug|x86.ActiveCfg = Debug|Win32
		{EA12A0DD-C347-49CC-B016-5DB258DCD72A}.Debug|x86.Build.0 = Debug|Win32
		{EA12A0DD-C347-49CC-B016-5DB258DCD72A}.Release|x64.ActiveCfg = Release|x64
		{EA12A0DD-C347-49CC-B016-5DB258DCD72A}.Release|x64.Build.0 = Release|x64
		{EA12A0DD-C347-49CC-B016-5DB258DCD72A}.Release|x86.ActiveCfg = Release|Win32
		{EA12A0DD-C347-49CC-B016-5DB258DCD72A}.Release|x86.Build.0 = Release|Win32
	EndGlobalSection
	GlobalSection(SolutionProperties) = preSolution
		HideSolutionNode = FALSE
	EndGlobalSection
	GlobalSection(ExtensibilityGlobals) = postSolution
		SolutionGuid = {57227C47-27DB-45F5-A046-DCA7E8A329D0}
	EndGlobalSection
EndGlobal
